
Microsoft Visual Studio Solution File, Format Version 12.00
# Visual Studio Version 17
VisualStudioVersion = 17.0.32014.148
MinimumVisualStudioVersion = 10.0.40219.1
Project("{9A19103F-16F7-4668-BE54-9A1E7A4F7556}") = "Game", "Game\Game.csproj", "{840028AC-B2E3-4DE4-A7A1-2BB2338A4775}"
	ProjectSection(ProjectDependencies) = postProject
		{A52AB015-211D-4420-B9A2-6A6B112ACDC4} = {A52AB015-211D-4420-B9A2-6A6B112ACDC4}
		{C5935F1A-EF35-4B75-A6B7-BFF29BDA2B92} = {C5935F1A-EF35-4B75-A6B7-BFF29BDA2B92}
		{0627B935-4220-4631-8D77-2493320F2E21} = {0627B935-4220-4631-8D77-2493320F2E21}
		{5EC35D3B-7179-4C57-A68B-66F5F915F353} = {5EC35D3B-7179-4C57-A68B-66F5F915F353}
		{B1D73C3F-75BB-43D1-8189-D39FA1BDD38A} = {B1D73C3F-75BB-43D1-8189-D39FA1BDD38A}
		{87654969-F4F9-4FF9-A2F1-0C69C9D30299} = {87654969-F4F9-4FF9-A2F1-0C69C9D30299}
		{14F33696-C8BE-49C1-91F0-0C28B808DE9C} = {14F33696-C8BE-49C1-91F0-0C28B808DE9C}
		{A6141D9B-E614-4C41-BE8A-7C3BEDA632CB} = {A6141D9B-E614-4C41-BE8A-7C3BEDA632CB}
	EndProjectSection
EndProject
Project("{9A19103F-16F7-4668-BE54-9A1E7A4F7556}") = "SFML.Window", "src\SFML.Window\SFML.Window.csproj", "{0627B935-4220-4631-8D77-2493320F2E21}"
EndProject
Project("{9A19103F-16F7-4668-BE54-9A1E7A4F7556}") = "SFML.System", "src\SFML.System\SFML.System.csproj", "{A52AB015-211D-4420-B9A2-6A6B112ACDC4}"
EndProject
Project("{9A19103F-16F7-4668-BE54-9A1E7A4F7556}") = "SFML.Graphics", "src\SFML.Graphics\SFML.Graphics.csproj", "{14F33696-C8BE-49C1-91F0-0C28B808DE9C}"
EndProject
Project("{9A19103F-16F7-4668-BE54-9A1E7A4F7556}") = "SFML.Net", "src\SFML.Net\SFML.Net.csproj", "{5EC35D3B-7179-4C57-A68B-66F5F915F353}"
EndProject
Project("{9A19103F-16F7-4668-BE54-9A1E7A4F7556}") = "SFML.Audio", "src\SFML.Audio\SFML.Audio.csproj", "{C5935F1A-EF35-4B75-A6B7-BFF29BDA2B92}"
EndProject
Project("{9A19103F-16F7-4668-BE54-9A1E7A4F7556}") = "Leopotam.ECS", "src\Leopotam.ECS\Leopotam.ECS.csproj", "{87654969-F4F9-4FF9-A2F1-0C69C9D30299}"
EndProject
Project("{9A19103F-16F7-4668-BE54-9A1E7A4F7556}") = "EngineBase", "src\Engine\EngineBase\EngineBase.csproj", "{A6141D9B-E614-4C41-BE8A-7C3BEDA632CB}"
	ProjectSection(ProjectDependencies) = postProject
		{A52AB015-211D-4420-B9A2-6A6B112ACDC4} = {A52AB015-211D-4420-B9A2-6A6B112ACDC4}
		{87654969-F4F9-4FF9-A2F1-0C69C9D30299} = {87654969-F4F9-4FF9-A2F1-0C69C9D30299}
	EndProjectSection
EndProject
Project("{9A19103F-16F7-4668-BE54-9A1E7A4F7556}") = "Renderer", "src\Engine\Renderer\Renderer.csproj", "{B1D73C3F-75BB-43D1-8189-D39FA1BDD38A}"
	ProjectSection(ProjectDependencies) = postProject
		{A52AB015-211D-4420-B9A2-6A6B112ACDC4} = {A52AB015-211D-4420-B9A2-6A6B112ACDC4}
		{0627B935-4220-4631-8D77-2493320F2E21} = {0627B935-4220-4631-8D77-2493320F2E21}
		{87654969-F4F9-4FF9-A2F1-0C69C9D30299} = {87654969-F4F9-4FF9-A2F1-0C69C9D30299}
		{14F33696-C8BE-49C1-91F0-0C28B808DE9C} = {14F33696-C8BE-49C1-91F0-0C28B808DE9C}
		{A6141D9B-E614-4C41-BE8A-7C3BEDA632CB} = {A6141D9B-E614-4C41-BE8A-7C3BEDA632CB}
	EndProjectSection
EndProject
Project("{9A19103F-16F7-4668-BE54-9A1E7A4F7556}") = "EngineAPI", "src\Engine\EngineInit\EngineAPI.csproj", "{FEE31025-901E-4605-A1CA-D7907148F6F2}"
	ProjectSection(ProjectDependencies) = postProject
		{B1D73C3F-75BB-43D1-8189-D39FA1BDD38A} = {B1D73C3F-75BB-43D1-8189-D39FA1BDD38A}
		{87654969-F4F9-4FF9-A2F1-0C69C9D30299} = {87654969-F4F9-4FF9-A2F1-0C69C9D30299}
		{A6141D9B-E614-4C41-BE8A-7C3BEDA632CB} = {A6141D9B-E614-4C41-BE8A-7C3BEDA632CB}
	EndProjectSection
EndProject
Project("{2150E333-8FDC-42A3-9474-1A3956D46DE8}") = "Engine", "Engine", "{AFF42862-815C-44C4-9B95-10019DAE0097}"
EndProject
Project("{2150E333-8FDC-42A3-9474-1A3956D46DE8}") = "ExternalAssemblies", "ExternalAssemblies", "{85FB71FE-C24D-4975-9519-B6D710882B72}"
EndProject
Project("{FAE04EC0-301F-11D3-BF4B-00C04F79EFBC}") = "EngineMath", "src\Engine\EngineMath\EngineMath.csproj", "{F7ACBAF8-1DE9-475A-B406-9D122315182D}"
EndProject
Global
	GlobalSection(SolutionConfigurationPlatforms) = preSolution
		Debug|Any CPU = Debug|Any CPU
		Release|Any CPU = Release|Any CPU
	EndGlobalSection
	GlobalSection(ProjectConfigurationPlatforms) = postSolution
		{840028AC-B2E3-4DE4-A7A1-2BB2338A4775}.Debug|Any CPU.ActiveCfg = Debug|Any CPU
		{840028AC-B2E3-4DE4-A7A1-2BB2338A4775}.Debug|Any CPU.Build.0 = Debug|Any CPU
		{840028AC-B2E3-4DE4-A7A1-2BB2338A4775}.Release|Any CPU.ActiveCfg = Release|Any CPU
		{840028AC-B2E3-4DE4-A7A1-2BB2338A4775}.Release|Any CPU.Build.0 = Release|Any CPU
		{0627B935-4220-4631-8D77-2493320F2E21}.Debug|Any CPU.ActiveCfg = Debug|Any CPU
		{0627B935-4220-4631-8D77-2493320F2E21}.Debug|Any CPU.Build.0 = Debug|Any CPU
		{0627B935-4220-4631-8D77-2493320F2E21}.Release|Any CPU.ActiveCfg = Release|Any CPU
		{0627B935-4220-4631-8D77-2493320F2E21}.Release|Any CPU.Build.0 = Release|Any CPU
		{A52AB015-211D-4420-B9A2-6A6B112ACDC4}.Debug|Any CPU.ActiveCfg = Debug|Any CPU
		{A52AB015-211D-4420-B9A2-6A6B112ACDC4}.Debug|Any CPU.Build.0 = Debug|Any CPU
		{A52AB015-211D-4420-B9A2-6A6B112ACDC4}.Release|Any CPU.ActiveCfg = Release|Any CPU
		{A52AB015-211D-4420-B9A2-6A6B112ACDC4}.Release|Any CPU.Build.0 = Release|Any CPU
		{14F33696-C8BE-49C1-91F0-0C28B808DE9C}.Debug|Any CPU.ActiveCfg = Debug|Any CPU
		{14F33696-C8BE-49C1-91F0-0C28B808DE9C}.Debug|Any CPU.Build.0 = Debug|Any CPU
		{14F33696-C8BE-49C1-91F0-0C28B808DE9C}.Release|Any CPU.ActiveCfg = Release|Any CPU
		{14F33696-C8BE-49C1-91F0-0C28B808DE9C}.Release|Any CPU.Build.0 = Release|Any CPU
		{5EC35D3B-7179-4C57-A68B-66F5F915F353}.Debug|Any CPU.ActiveCfg = Debug|Any CPU
		{5EC35D3B-7179-4C57-A68B-66F5F915F353}.Debug|Any CPU.Build.0 = Debug|Any CPU
		{5EC35D3B-7179-4C57-A68B-66F5F915F353}.Release|Any CPU.ActiveCfg = Release|Any CPU
		{5EC35D3B-7179-4C57-A68B-66F5F915F353}.Release|Any CPU.Build.0 = Release|Any CPU
		{C5935F1A-EF35-4B75-A6B7-BFF29BDA2B92}.Debug|Any CPU.ActiveCfg = Debug|Any CPU
		{C5935F1A-EF35-4B75-A6B7-BFF29BDA2B92}.Debug|Any CPU.Build.0 = Debug|Any CPU
		{C5935F1A-EF35-4B75-A6B7-BFF29BDA2B92}.Release|Any CPU.ActiveCfg = Release|Any CPU
		{C5935F1A-EF35-4B75-A6B7-BFF29BDA2B92}.Release|Any CPU.Build.0 = Release|Any CPU
		{87654969-F4F9-4FF9-A2F1-0C69C9D30299}.Debug|Any CPU.ActiveCfg = Debug|Any CPU
		{87654969-F4F9-4FF9-A2F1-0C69C9D30299}.Debug|Any CPU.Build.0 = Debug|Any CPU
		{87654969-F4F9-4FF9-A2F1-0C69C9D30299}.Release|Any CPU.ActiveCfg = Release|Any CPU
		{87654969-F4F9-4FF9-A2F1-0C69C9D30299}.Release|Any CPU.Build.0 = Release|Any CPU
		{A6141D9B-E614-4C41-BE8A-7C3BEDA632CB}.Debug|Any CPU.ActiveCfg = Debug|Any CPU
		{A6141D9B-E614-4C41-BE8A-7C3BEDA632CB}.Debug|Any CPU.Build.0 = Debug|Any CPU
		{A6141D9B-E614-4C41-BE8A-7C3BEDA632CB}.Release|Any CPU.ActiveCfg = Release|Any CPU
		{A6141D9B-E614-4C41-BE8A-7C3BEDA632CB}.Release|Any CPU.Build.0 = Release|Any CPU
		{B1D73C3F-75BB-43D1-8189-D39FA1BDD38A}.Debug|Any CPU.ActiveCfg = Debug|Any CPU
		{B1D73C3F-75BB-43D1-8189-D39FA1BDD38A}.Debug|Any CPU.Build.0 = Debug|Any CPU
		{B1D73C3F-75BB-43D1-8189-D39FA1BDD38A}.Release|Any CPU.ActiveCfg = Release|Any CPU
		{B1D73C3F-75BB-43D1-8189-D39FA1BDD38A}.Release|Any CPU.Build.0 = Release|Any CPU
		{FEE31025-901E-4605-A1CA-D7907148F6F2}.Debug|Any CPU.ActiveCfg = Debug|Any CPU
		{FEE31025-901E-4605-A1CA-D7907148F6F2}.Debug|Any CPU.Build.0 = Debug|Any CPU
		{FEE31025-901E-4605-A1CA-D7907148F6F2}.Release|Any CPU.ActiveCfg = Release|Any CPU
		{FEE31025-901E-4605-A1CA-D7907148F6F2}.Release|Any CPU.Build.0 = Release|Any CPU
		{F7ACBAF8-1DE9-475A-B406-9D122315182D}.Debug|Any CPU.ActiveCfg = Debug|Any CPU
		{F7ACBAF8-1DE9-475A-B406-9D122315182D}.Debug|Any CPU.Build.0 = Debug|Any CPU
		{F7ACBAF8-1DE9-475A-B406-9D122315182D}.Release|Any CPU.ActiveCfg = Release|Any CPU
		{F7ACBAF8-1DE9-475A-B406-9D122315182D}.Release|Any CPU.Build.0 = Release|Any CPU
	EndGlobalSection
	GlobalSection(SolutionProperties) = preSolution
		HideSolutionNode = FALSE
	EndGlobalSection
	GlobalSection(NestedProjects) = preSolution
		{0627B935-4220-4631-8D77-2493320F2E21} = {85FB71FE-C24D-4975-9519-B6D710882B72}
		{A52AB015-211D-4420-B9A2-6A6B112ACDC4} = {85FB71FE-C24D-4975-9519-B6D710882B72}
		{14F33696-C8BE-49C1-91F0-0C28B808DE9C} = {85FB71FE-C24D-4975-9519-B6D710882B72}
		{5EC35D3B-7179-4C57-A68B-66F5F915F353} = {85FB71FE-C24D-4975-9519-B6D710882B72}
		{C5935F1A-EF35-4B75-A6B7-BFF29BDA2B92} = {85FB71FE-C24D-4975-9519-B6D710882B72}
		{87654969-F4F9-4FF9-A2F1-0C69C9D30299} = {85FB71FE-C24D-4975-9519-B6D710882B72}
		{A6141D9B-E614-4C41-BE8A-7C3BEDA632CB} = {AFF42862-815C-44C4-9B95-10019DAE0097}
		{B1D73C3F-75BB-43D1-8189-D39FA1BDD38A} = {AFF42862-815C-44C4-9B95-10019DAE0097}
		{FEE31025-901E-4605-A1CA-D7907148F6F2} = {AFF42862-815C-44C4-9B95-10019DAE0097}
		{F7ACBAF8-1DE9-475A-B406-9D122315182D} = {AFF42862-815C-44C4-9B95-10019DAE0097}
	EndGlobalSection
	GlobalSection(ExtensibilityGlobals) = postSolution
		SolutionGuid = {769D65A6-8B08-4358-8DC9-B5CEC3B1AC02}
	EndGlobalSection
EndGlobal
